
Microsoft Visual Studio Solution File, Format Version 12.00
# Visual Studio Version 16
VisualStudioVersion = 16.0.31402.337
MinimumVisualStudioVersion = 10.0.40219.1
Project("{9A19103F-16F7-4668-BE54-9A1E7A4F7556}") = "SBCode_WebPhone", "SBCode_WebPhone\SBCode_WebPhone.csproj", "{62011627-AC8C-4A67-B9A3-9DD35A63ACD7}"
EndProject
Global
	GlobalSection(SolutionConfigurationPlatforms) = preSolution
		Debug|Any CPU = Debug|Any CPU
		Release|Any CPU = Release|Any CPU
	EndGlobalSection
	GlobalSection(ProjectConfigurationPlatforms) = postSolution
		{62011627-AC8C-4A67-B9A3-9DD35A63ACD7}.Debug|Any CPU.ActiveCfg = Debug|Any CPU
		{62011627-AC8C-4A67-B9A3-9DD35A63ACD7}.Debug|Any CPU.Build.0 = Debug|Any CPU
		{62011627-AC8C-4A67-B9A3-9DD35A63ACD7}.Release|Any CPU.ActiveCfg = Release|Any CPU
		{62011627-AC8C-4A67-B9A3-9DD35A63ACD7}.Release|Any CPU.Build.0 = Release|Any CPU
	EndGlobalSection
	GlobalSection(SolutionProperties) = preSolution
		HideSolutionNode = FALSE
	EndGlobalSection
	GlobalSection(ExtensibilityGlobals) = postSolution
		SolutionGuid = {298A4D6F-70B7-42FE-A1BA-6E55C888788B}
	EndGlobalSection
EndGlobal
